
Microsoft Visual Studio Solution File, Format Version 12.00
# Visual Studio 14
VisualStudioVersion = 14.0.25123.0
MinimumVisualStudioVersion = 10.0.40219.1
Project("{8BC9CEB8-8B4A-11D0-8D11-00A0C91BC942}") = "Handy2D", "Handy2D\Handy2D.vcxproj", "{613601C6-AD4B-4751-8723-362F59786B00}"
EndProject
Project("{8BC9CEB8-8B4A-11D0-8D11-00A0C91BC942}") = "Minesweeper", "Minesweeper\Minesweeper.vcxproj", "{5E47AF21-5894-46B3-8022-C17EB25B36CD}"
EndProject
Project("{8BC9CEB8-8B4A-11D0-8D11-00A0C91BC942}") = "Rats", "Rats\Rats.vcxproj", "{84B26F33-506C-4C3F-9D8C-CF604BDC719B}"
EndProject
Project("{8BC9CEB8-8B4A-11D0-8D11-00A0C91BC942}") = "UITest", "UITest\UITest.vcxproj", "{507FD794-9B09-4C39-9D58-E6B86CDAB2CE}"
EndProject
Project("{8BC9CEB8-8B4A-11D0-8D11-00A0C91BC942}") = "SpaceExplorer", "SpaceExplorer\SpaceExplorer.vcxproj", "{5BA131DA-23D8-4402-A2F6-C836B7FA70CD}"
EndProject
Project("{8BC9CEB8-8B4A-11D0-8D11-00A0C91BC942}") = "C64", "C64\C64.vcxproj", "{89FDC0CF-91D6-43B4-BAF4-C139D130527D}"
EndProject
Global
	GlobalSection(SolutionConfigurationPlatforms) = preSolution
		Debug_140|x64 = Debug_140|x64
		Debug_140|x86 = Debug_140|x86
		Debug|x64 = Debug|x64
		Debug|x86 = Debug|x86
		Release_140|x64 = Release_140|x64
		Release_140|x86 = Release_140|x86
		Release|x64 = Release|x64
		Release|x86 = Release|x86
	EndGlobalSection
	GlobalSection(ProjectConfigurationPlatforms) = postSolution
		{613601C6-AD4B-4751-8723-362F59786B00}.Debug_140|x64.ActiveCfg = Debug_140|x64
		{613601C6-AD4B-4751-8723-362F59786B00}.Debug_140|x64.Build.0 = Debug_140|x64
		{613601C6-AD4B-4751-8723-362F59786B00}.Debug_140|x86.ActiveCfg = Debug_140|Win32
		{613601C6-AD4B-4751-8723-362F59786B00}.Debug_140|x86.Build.0 = Debug_140|Win32
		{613601C6-AD4B-4751-8723-362F59786B00}.Debug|x64.ActiveCfg = Debug_141|x64
		{613601C6-AD4B-4751-8723-362F59786B00}.Debug|x64.Build.0 = Debug_141|x64
		{613601C6-AD4B-4751-8723-362F59786B00}.Debug|x86.ActiveCfg = Debug_141|Win32
		{613601C6-AD4B-4751-8723-362F59786B00}.Debug|x86.Build.0 = Debug_141|Win32
		{613601C6-AD4B-4751-8723-362F59786B00}.Release_140|x64.ActiveCfg = Release_140|x64
		{613601C6-AD4B-4751-8723-362F59786B00}.Release_140|x64.Build.0 = Release_140|x64
		{613601C6-AD4B-4751-8723-362F59786B00}.Release_140|x86.ActiveCfg = Release_140|Win32
		{613601C6-AD4B-4751-8723-362F59786B00}.Release_140|x86.Build.0 = Release_140|Win32
		{613601C6-AD4B-4751-8723-362F59786B00}.Release|x64.ActiveCfg = Release_141|x64
		{613601C6-AD4B-4751-8723-362F59786B00}.Release|x64.Build.0 = Release_141|x64
		{613601C6-AD4B-4751-8723-362F59786B00}.Release|x86.ActiveCfg = Release_141|Win32
		{613601C6-AD4B-4751-8723-362F59786B00}.Release|x86.Build.0 = Release_141|Win32
		{5E47AF21-5894-46B3-8022-C17EB25B36CD}.Debug_140|x64.ActiveCfg = Debug_140|x64
		{5E47AF21-5894-46B3-8022-C17EB25B36CD}.Debug_140|x64.Build.0 = Debug_140|x64
		{5E47AF21-5894-46B3-8022-C17EB25B36CD}.Debug_140|x86.ActiveCfg = Debug_140|Win32
		{5E47AF21-5894-46B3-8022-C17EB25B36CD}.Debug_140|x86.Build.0 = Debug_140|Win32
		{5E47AF21-5894-46B3-8022-C17EB25B36CD}.Debug|x64.ActiveCfg = Debug_140|x64
		{5E47AF21-5894-46B3-8022-C17EB25B36CD}.Debug|x64.Build.0 = Debug_140|x64
		{5E47AF21-5894-46B3-8022-C17EB25B36CD}.Debug|x86.ActiveCfg = Debug_141|Win32
		{5E47AF21-5894-46B3-8022-C17EB25B36CD}.Debug|x86.Build.0 = Debug_141|Win32
		{5E47AF21-5894-46B3-8022-C17EB25B36CD}.Release_140|x64.ActiveCfg = Release_140|x64
		{5E47AF21-5894-46B3-8022-C17EB25B36CD}.Release_140|x64.Build.0 = Release_140|x64
		{5E47AF21-5894-46B3-8022-C17EB25B36CD}.Release_140|x86.ActiveCfg = Release_140|Win32
		{5E47AF21-5894-46B3-8022-C17EB25B36CD}.Release_140|x86.Build.0 = Release_140|Win32
		{5E47AF21-5894-46B3-8022-C17EB25B36CD}.Release|x64.ActiveCfg = Release_141|x64
		{5E47AF21-5894-46B3-8022-C17EB25B36CD}.Release|x64.Build.0 = Release_141|x64
		{5E47AF21-5894-46B3-8022-C17EB25B36CD}.Release|x86.ActiveCfg = Release_141|Win32
		{5E47AF21-5894-46B3-8022-C17EB25B36CD}.Release|x86.Build.0 = Release_141|Win32
		{84B26F33-506C-4C3F-9D8C-CF604BDC719B}.Debug_140|x64.ActiveCfg = Debug_140|x64
		{84B26F33-506C-4C3F-9D8C-CF604BDC719B}.Debug_140|x64.Build.0 = Debug_140|x64
		{84B26F33-506C-4C3F-9D8C-CF604BDC719B}.Debug_140|x86.ActiveCfg = Debug_140|Win32
		{84B26F33-506C-4C3F-9D8C-CF604BDC719B}.Debug_140|x86.Build.0 = Debug_140|Win32
		{84B26F33-506C-4C3F-9D8C-CF604BDC719B}.Debug|x64.ActiveCfg = Debug_140|x64
		{84B26F33-506C-4C3F-9D8C-CF604BDC719B}.Debug|x64.Build.0 = Debug_140|x64
		{84B26F33-506C-4C3F-9D8C-CF604BDC719B}.Debug|x86.ActiveCfg = Debug_141|Win32
		{84B26F33-506C-4C3F-9D8C-CF604BDC719B}.Debug|x86.Build.0 = Debug_141|Win32
		{84B26F33-506C-4C3F-9D8C-CF604BDC719B}.Release_140|x64.ActiveCfg = Release_140|x64
		{84B26F33-506C-4C3F-9D8C-CF604BDC719B}.Release_140|x64.Build.0 = Release_140|x64
		{84B26F33-506C-4C3F-9D8C-CF604BDC719B}.Release_140|x86.ActiveCfg = Release_140|Win32
		{84B26F33-506C-4C3F-9D8C-CF604BDC719B}.Release_140|x86.Build.0 = Release_140|Win32
		{84B26F33-506C-4C3F-9D8C-CF604BDC719B}.Release|x64.ActiveCfg = Release_141|x64
		{84B26F33-506C-4C3F-9D8C-CF604BDC719B}.Release|x64.Build.0 = Release_141|x64
		{84B26F33-506C-4C3F-9D8C-CF604BDC719B}.Release|x86.ActiveCfg = Release_141|Win32
		{84B26F33-506C-4C3F-9D8C-CF604BDC719B}.Release|x86.Build.0 = Release_141|Win32
		{507FD794-9B09-4C39-9D58-E6B86CDAB2CE}.Debug_140|x64.ActiveCfg = Debug|x64
		{507FD794-9B09-4C39-9D58-E6B86CDAB2CE}.Debug_140|x64.Build.0 = Debug|x64
		{507FD794-9B09-4C39-9D58-E6B86CDAB2CE}.Debug_140|x86.ActiveCfg = Debug|Win32
		{507FD794-9B09-4C39-9D58-E6B86CDAB2CE}.Debug_140|x86.Build.0 = Debug|Win32
		{507FD794-9B09-4C39-9D58-E6B86CDAB2CE}.Debug|x64.ActiveCfg = Debug|x64
		{507FD794-9B09-4C39-9D58-E6B86CDAB2CE}.Debug|x64.Build.0 = Debug|x64
		{507FD794-9B09-4C39-9D58-E6B86CDAB2CE}.Debug|x86.ActiveCfg = Debug|Win32
		{507FD794-9B09-4C39-9D58-E6B86CDAB2CE}.Debug|x86.Build.0 = Debug|Win32
		{507FD794-9B09-4C39-9D58-E6B86CDAB2CE}.Release_140|x64.ActiveCfg = Release|x64
		{507FD794-9B09-4C39-9D58-E6B86CDAB2CE}.Release_140|x64.Build.0 = Release|x64
		{507FD794-9B09-4C39-9D58-E6B86CDAB2CE}.Release_140|x86.ActiveCfg = Release|Win32
		{507FD794-9B09-4C39-9D58-E6B86CDAB2CE}.Release_140|x86.Build.0 = Release|Win32
		{507FD794-9B09-4C39-9D58-E6B86CDAB2CE}.Release|x64.ActiveCfg = Release|x64
		{507FD794-9B09-4C39-9D58-E6B86CDAB2CE}.Release|x64.Build.0 = Release|x64
		{507FD794-9B09-4C39-9D58-E6B86CDAB2CE}.Release|x86.ActiveCfg = Release|Win32
		{507FD794-9B09-4C39-9D58-E6B86CDAB2CE}.Release|x86.Build.0 = Release|Win32
		{5BA131DA-23D8-4402-A2F6-C836B7FA70CD}.Debug_140|x64.ActiveCfg = Debug|x64
		{5BA131DA-23D8-4402-A2F6-C836B7FA70CD}.Debug_140|x64.Build.0 = Debug|x64
		{5BA131DA-23D8-4402-A2F6-C836B7FA70CD}.Debug_140|x86.ActiveCfg = Debug|Win32
		{5BA131DA-23D8-4402-A2F6-C836B7FA70CD}.Debug_140|x86.Build.0 = Debug|Win32
		{5BA131DA-23D8-4402-A2F6-C836B7FA70CD}.Debug|x64.ActiveCfg = Debug|x64
		{5BA131DA-23D8-4402-A2F6-C836B7FA70CD}.Debug|x64.Build.0 = Debug|x64
		{5BA131DA-23D8-4402-A2F6-C836B7FA70CD}.Debug|x86.ActiveCfg = Debug|Win32
		{5BA131DA-23D8-4402-A2F6-C836B7FA70CD}.Debug|x86.Build.0 = Debug|Win32
		{5BA131DA-23D8-4402-A2F6-C836B7FA70CD}.Release_140|x64.ActiveCfg = Release|x64
		{5BA131DA-23D8-4402-A2F6-C836B7FA70CD}.Release_140|x64.Build.0 = Release|x64
		{5BA131DA-23D8-4402-A2F6-C836B7FA70CD}.Release_140|x86.ActiveCfg = Release|Win32
		{5BA131DA-23D8-4402-A2F6-C836B7FA70CD}.Release_140|x86.Build.0 = Release|Win32
		{5BA131DA-23D8-4402-A2F6-C836B7FA70CD}.Release|x64.ActiveCfg = Release|x64
		{5BA131DA-23D8-4402-A2F6-C836B7FA70CD}.Release|x64.Build.0 = Release|x64
		{5BA131DA-23D8-4402-A2F6-C836B7FA70CD}.Release|x86.ActiveCfg = Release|Win32
		{5BA131DA-23D8-4402-A2F6-C836B7FA70CD}.Release|x86.Build.0 = Release|Win32
		{89FDC0CF-91D6-43B4-BAF4-C139D130527D}.Debug_140|x64.ActiveCfg = Debug_140|x64
		{89FDC0CF-91D6-43B4-BAF4-C139D130527D}.Debug_140|x64.Build.0 = Debug_140|x64
		{89FDC0CF-91D6-43B4-BAF4-C139D130527D}.Debug_140|x86.ActiveCfg = Debug_140|Win32
		{89FDC0CF-91D6-43B4-BAF4-C139D130527D}.Debug_140|x86.Build.0 = Debug_140|Win32
		{89FDC0CF-91D6-43B4-BAF4-C139D130527D}.Debug|x64.ActiveCfg = Debug_141|x64
		{89FDC0CF-91D6-43B4-BAF4-C139D130527D}.Debug|x64.Build.0 = Debug_141|x64
		{89FDC0CF-91D6-43B4-BAF4-C139D130527D}.Debug|x86.ActiveCfg = Debug_141|Win32
		{89FDC0CF-91D6-43B4-BAF4-C139D130527D}.Debug|x86.Build.0 = Debug_141|Win32
		{89FDC0CF-91D6-43B4-BAF4-C139D130527D}.Release_140|x64.ActiveCfg = Release_140|x64
		{89FDC0CF-91D6-43B4-BAF4-C139D130527D}.Release_140|x64.Build.0 = Release_140|x64
		{89FDC0CF-91D6-43B4-BAF4-C139D130527D}.Release_140|x86.ActiveCfg = Release_140|Win32
		{89FDC0CF-91D6-43B4-BAF4-C139D130527D}.Release_140|x86.Build.0 = Release_140|Win32
		{89FDC0CF-91D6-43B4-BAF4-C139D130527D}.Release|x64.ActiveCfg = Release_140|x64
		{89FDC0CF-91D6-43B4-BAF4-C139D130527D}.Release|x64.Build.0 = Release_140|x64
		{89FDC0CF-91D6-43B4-BAF4-C139D130527D}.Release|x86.ActiveCfg = Release_140|Win32
		{89FDC0CF-91D6-43B4-BAF4-C139D130527D}.Release|x86.Build.0 = Release_140|Win32
	EndGlobalSection
	GlobalSection(SolutionProperties) = preSolution
		HideSolutionNode = FALSE
	EndGlobalSection
	GlobalSection(ExtensibilityGlobals) = postSolution
		SolutionGuid = {7A3B2B4E-3B31-4FA2-A908-BCD396511ED1}
	EndGlobalSection
EndGlobal
